
Microsoft Visual Studio Solution File, Format Version 12.00
# Visual Studio Version 17
VisualStudioVersion = 17.3.32825.248
MinimumVisualStudioVersion = 10.0.40219.1
Project("{FAE04EC0-301F-11D3-BF4B-00C04F79EFBC}") = "DiplomaApiApp", "DiplomaApiApp\DiplomaApiApp.csproj", "{4FC75621-264A-4921-967F-FAF96C9C2FD4}"
EndProject
Project("{FAE04EC0-301F-11D3-BF4B-00C04F79EFBC}") = "Core", "Core\Core.csproj", "{CAAF2A36-DC58-4578-8EE2-4F66E5A50B6C}"
EndProject
Project("{FAE04EC0-301F-11D3-BF4B-00C04F79EFBC}") = "Infrastructure", "Infrastructure\Infrastructure.csproj", "{19D49137-051A-4E9A-9637-70BE46F6E9F2}"
EndProject
Global
	GlobalSection(SolutionConfigurationPlatforms) = preSolution
		Debug|Any CPU = Debug|Any CPU
		Release|Any CPU = Release|Any CPU
	EndGlobalSection
	GlobalSection(ProjectConfigurationPlatforms) = postSolution
		{4FC75621-264A-4921-967F-FAF96C9C2FD4}.Debug|Any CPU.ActiveCfg = Debug|Any CPU
		{4FC75621-264A-4921-967F-FAF96C9C2FD4}.Debug|Any CPU.Build.0 = Debug|Any CPU
		{4FC75621-264A-4921-967F-FAF96C9C2FD4}.Release|Any CPU.ActiveCfg = Release|Any CPU
		{4FC75621-264A-4921-967F-FAF96C9C2FD4}.Release|Any CPU.Build.0 = Release|Any CPU
		{CAAF2A36-DC58-4578-8EE2-4F66E5A50B6C}.Debug|Any CPU.ActiveCfg = Debug|Any CPU
		{CAAF2A36-DC58-4578-8EE2-4F66E5A50B6C}.Debug|Any CPU.Build.0 = Debug|Any CPU
		{CAAF2A36-DC58-4578-8EE2-4F66E5A50B6C}.Release|Any CPU.ActiveCfg = Release|Any CPU
		{CAAF2A36-DC58-4578-8EE2-4F66E5A50B6C}.Release|Any CPU.Build.0 = Release|Any CPU
		{19D49137-051A-4E9A-9637-70BE46F6E9F2}.Debug|Any CPU.ActiveCfg = Debug|Any CPU
		{19D49137-051A-4E9A-9637-70BE46F6E9F2}.Debug|Any CPU.Build.0 = Debug|Any CPU
		{19D49137-051A-4E9A-9637-70BE46F6E9F2}.Release|Any CPU.ActiveCfg = Release|Any CPU
		{19D49137-051A-4E9A-9637-70BE46F6E9F2}.Release|Any CPU.Build.0 = Release|Any CPU
	EndGlobalSection
	GlobalSection(SolutionProperties) = preSolution
		HideSolutionNode = FALSE
	EndGlobalSection
	GlobalSection(ExtensibilityGlobals) = postSolution
		SolutionGuid = {97B5E7ED-2521-4AA6-B3D6-ACB4BD46C9A8}
	EndGlobalSection
EndGlobal
